// !$*UTF8*$!
{
	archiveVersion = 1;
	classes = {
	};
	objectVersion = 56;
	objects = {

/* Begin PBXBuildFile section */
		842E52972A2EEC0500D664AB /* ApiManager.swift in Sources */ = {isa = PBXBuildFile; fileRef = 842E52962A2EEC0500D664AB /* ApiManager.swift */; };
		842E529C2A2EEF3200D664AB /* Assets.xcassets in Resources */ = {isa = PBXBuildFile; fileRef = 842E529B2A2EEF3200D664AB /* Assets.xcassets */; };
		842E529E2A2EF11300D664AB /* CharacterData.swift in Sources */ = {isa = PBXBuildFile; fileRef = 842E529D2A2EF11300D664AB /* CharacterData.swift */; };
		842E52A32A2F0AED00D664AB /* Kingfisher in Frameworks */ = {isa = PBXBuildFile; productRef = 842E52A22A2F0AED00D664AB /* Kingfisher */; };
		A631A94D2A2C5CBC0000D04D /* AppDelegate.swift in Sources */ = {isa = PBXBuildFile; fileRef = A631A94C2A2C5CBC0000D04D /* AppDelegate.swift */; };
		A631A94F2A2C5CBC0000D04D /* SceneDelegate.swift in Sources */ = {isa = PBXBuildFile; fileRef = A631A94E2A2C5CBC0000D04D /* SceneDelegate.swift */; };
		A631A9592A2C5CBD0000D04D /* LaunchScreen.storyboard in Resources */ = {isa = PBXBuildFile; fileRef = A631A9572A2C5CBD0000D04D /* LaunchScreen.storyboard */; };
		A631A9662A2C60AD0000D04D /* SnapKit in Frameworks */ = {isa = PBXBuildFile; productRef = A631A9652A2C60AD0000D04D /* SnapKit */; };
/* End PBXBuildFile section */

/* Begin PBXFileReference section */
		842E52962A2EEC0500D664AB /* ApiManager.swift */ = {isa = PBXFileReference; lastKnownFileType = sourcecode.swift; path = ApiManager.swift; sourceTree = "<group>"; };
		842E529B2A2EEF3200D664AB /* Assets.xcassets */ = {isa = PBXFileReference; lastKnownFileType = folder.assetcatalog; name = Assets.xcassets; path = Controllers/Assets.xcassets; sourceTree = "<group>"; };
		842E529D2A2EF11300D664AB /* CharacterData.swift */ = {isa = PBXFileReference; lastKnownFileType = sourcecode.swift; path = CharacterData.swift; sourceTree = SOURCE_ROOT; };
		A631A9492A2C5CBC0000D04D /* Rick & Morty.app */ = {isa = PBXFileReference; explicitFileType = wrapper.application; includeInIndex = 0; path = "Rick & Morty.app"; sourceTree = BUILT_PRODUCTS_DIR; };
		A631A94C2A2C5CBC0000D04D /* AppDelegate.swift */ = {isa = PBXFileReference; lastKnownFileType = sourcecode.swift; path = AppDelegate.swift; sourceTree = "<group>"; };
		A631A94E2A2C5CBC0000D04D /* SceneDelegate.swift */ = {isa = PBXFileReference; lastKnownFileType = sourcecode.swift; path = SceneDelegate.swift; sourceTree = "<group>"; };
		A631A9582A2C5CBD0000D04D /* Base */ = {isa = PBXFileReference; lastKnownFileType = file.storyboard; name = Base; path = Base.lproj/LaunchScreen.storyboard; sourceTree = "<group>"; };
		A631A95A2A2C5CBD0000D04D /* Info.plist */ = {isa = PBXFileReference; lastKnownFileType = text.plist.xml; path = Info.plist; sourceTree = "<group>"; };
/* End PBXFileReference section */

/* Begin PBXFrameworksBuildPhase section */
		A631A9462A2C5CBC0000D04D /* Frameworks */ = {
			isa = PBXFrameworksBuildPhase;
			buildActionMask = 2147483647;
			files = (
				842E52A32A2F0AED00D664AB /* Kingfisher in Frameworks */,
				A631A9662A2C60AD0000D04D /* SnapKit in Frameworks */,
			);
			runOnlyForDeploymentPostprocessing = 0;
		};
/* End PBXFrameworksBuildPhase section */

/* Begin PBXGroup section */
		842E52952A2EEBF600D664AB /* CharacterLogic */ = {
			isa = PBXGroup;
			children = (
				842E52962A2EEC0500D664AB /* ApiManager.swift */,
			);
			path = CharacterLogic;
			sourceTree = "<group>";
		};
		A631A9402A2C5CBC0000D04D = {
			isa = PBXGroup;
			children = (
				A631A94B2A2C5CBC0000D04D /* Rick & Morty */,
				A631A94A2A2C5CBC0000D04D /* Products */,
			);
			sourceTree = "<group>";
		};
		A631A94A2A2C5CBC0000D04D /* Products */ = {
			isa = PBXGroup;
			children = (
				A631A9492A2C5CBC0000D04D /* Rick & Morty.app */,
			);
			name = Products;
			sourceTree = "<group>";
		};
		A631A94B2A2C5CBC0000D04D /* Rick & Morty */ = {
			isa = PBXGroup;
			children = (
				842E529B2A2EEF3200D664AB /* Assets.xcassets */,
				A631A9622A2C5E2F0000D04D /* Models */,
				A631A9632A2C5E350000D04D /* Managers */,
				A631A9602A2C5E1F0000D04D /* Resources */,
				A631A9612A2C5E290000D04D /* Controllers */,
				A631A9572A2C5CBD0000D04D /* LaunchScreen.storyboard */,
				A631A95A2A2C5CBD0000D04D /* Info.plist */,
			);
			path = "Rick & Morty";
			sourceTree = "<group>";
		};
		A631A9602A2C5E1F0000D04D /* Resources */ = {
			isa = PBXGroup;
			children = (
				A631A94C2A2C5CBC0000D04D /* AppDelegate.swift */,
				A631A94E2A2C5CBC0000D04D /* SceneDelegate.swift */,
			);
			path = Resources;
			sourceTree = "<group>";
		};
		A631A9612A2C5E290000D04D /* Controllers */ = {
			isa = PBXGroup;
			children = (
			);
			path = Controllers;
			sourceTree = "<group>";
		};
		A631A9622A2C5E2F0000D04D /* Models */ = {
			isa = PBXGroup;
			children = (
				842E529D2A2EF11300D664AB /* CharacterData.swift */,
			);
			path = Models;
			sourceTree = "<group>";
		};
		A631A9632A2C5E350000D04D /* Managers */ = {
			isa = PBXGroup;
			children = (
				842E52952A2EEBF600D664AB /* CharacterLogic */,
			);
			path = Managers;
			sourceTree = "<group>";
		};
/* End PBXGroup section */

/* Begin PBXNativeTarget section */
		A631A9482A2C5CBC0000D04D /* Rick & Morty */ = {
			isa = PBXNativeTarget;
			buildConfigurationList = A631A95D2A2C5CBD0000D04D /* Build configuration list for PBXNativeTarget "Rick & Morty" */;
			buildPhases = (
				A631A9452A2C5CBC0000D04D /* Sources */,
				A631A9462A2C5CBC0000D04D /* Frameworks */,
				A631A9472A2C5CBC0000D04D /* Resources */,
			);
			buildRules = (
			);
			dependencies = (
			);
			name = "Rick & Morty";
			packageProductDependencies = (
				A631A9652A2C60AD0000D04D /* SnapKit */,
				842E52A22A2F0AED00D664AB /* Kingfisher */,
			);
			productName = "Rick & Morty";
			productReference = A631A9492A2C5CBC0000D04D /* Rick & Morty.app */;
			productType = "com.apple.product-type.application";
		};
/* End PBXNativeTarget section */

/* Begin PBXProject section */
		A631A9412A2C5CBC0000D04D /* Project object */ = {
			isa = PBXProject;
			attributes = {
				BuildIndependentTargetsInParallel = 1;
				LastSwiftUpdateCheck = 1430;
				LastUpgradeCheck = 1430;
				TargetAttributes = {
					A631A9482A2C5CBC0000D04D = {
						CreatedOnToolsVersion = 14.3;
					};
				};
			};
			buildConfigurationList = A631A9442A2C5CBC0000D04D /* Build configuration list for PBXProject "Rick & Morty" */;
			compatibilityVersion = "Xcode 14.0";
			developmentRegion = en;
			hasScannedForEncodings = 0;
			knownRegions = (
				en,
				Base,
			);
			mainGroup = A631A9402A2C5CBC0000D04D;
			packageReferences = (
				A631A9642A2C60AD0000D04D /* XCRemoteSwiftPackageReference "SnapKit" */,
				842E52A12A2F0AED00D664AB /* XCRemoteSwiftPackageReference "Kingfisher" */,
			);
			productRefGroup = A631A94A2A2C5CBC0000D04D /* Products */;
			projectDirPath = "";
			projectRoot = "";
			targets = (
				A631A9482A2C5CBC0000D04D /* Rick & Morty */,
			);
		};
/* End PBXProject section */

/* Begin PBXResourcesBuildPhase section */
		A631A9472A2C5CBC0000D04D /* Resources */ = {
			isa = PBXResourcesBuildPhase;
			buildActionMask = 2147483647;
			files = (
				842E529C2A2EEF3200D664AB /* Assets.xcassets in Resources */,
				A631A9592A2C5CBD0000D04D /* LaunchScreen.storyboard in Resources */,
			);
			runOnlyForDeploymentPostprocessing = 0;
		};
/* End PBXResourcesBuildPhase section */

/* Begin PBXSourcesBuildPhase section */
		A631A9452A2C5CBC0000D04D /* Sources */ = {
			isa = PBXSourcesBuildPhase;
			buildActionMask = 2147483647;
			files = (
				842E52972A2EEC0500D664AB /* ApiManager.swift in Sources */,
				A631A94D2A2C5CBC0000D04D /* AppDelegate.swift in Sources */,
				A631A94F2A2C5CBC0000D04D /* SceneDelegate.swift in Sources */,
				842E529E2A2EF11300D664AB /* CharacterData.swift in Sources */,
			);
			runOnlyForDeploymentPostprocessing = 0;
		};
/* End PBXSourcesBuildPhase section */

/* Begin PBXVariantGroup section */
		A631A9572A2C5CBD0000D04D /* LaunchScreen.storyboard */ = {
			isa = PBXVariantGroup;
			children = (
				A631A9582A2C5CBD0000D04D /* Base */,
			);
			name = LaunchScreen.storyboard;
			sourceTree = "<group>";
		};
/* End PBXVariantGroup section */

/* Begin XCBuildConfiguration section */
		A631A95B2A2C5CBD0000D04D /* Debug */ = {
			isa = XCBuildConfiguration;
			buildSettings = {
				ALWAYS_SEARCH_USER_PATHS = NO;
				CLANG_ANALYZER_NONNULL = YES;
				CLANG_ANALYZER_NUMBER_OBJECT_CONVERSION = YES_AGGRESSIVE;
				CLANG_CXX_LANGUAGE_STANDARD = "gnu++20";
				CLANG_ENABLE_MODULES = YES;
				CLANG_ENABLE_OBJC_ARC = YES;
				CLANG_ENABLE_OBJC_WEAK = YES;
				CLANG_WARN_BLOCK_CAPTURE_AUTORELEASING = YES;
				CLANG_WARN_BOOL_CONVERSION = YES;
				CLANG_WARN_COMMA = YES;
				CLANG_WARN_CONSTANT_CONVERSION = YES;
				CLANG_WARN_DEPRECATED_OBJC_IMPLEMENTATIONS = YES;
				CLANG_WARN_DIRECT_OBJC_ISA_USAGE = YES_ERROR;
				CLANG_WARN_DOCUMENTATION_COMMENTS = YES;
				CLANG_WARN_EMPTY_BODY = YES;
				CLANG_WARN_ENUM_CONVERSION = YES;
				CLANG_WARN_INFINITE_RECURSION = YES;
				CLANG_WARN_INT_CONVERSION = YES;
				CLANG_WARN_NON_LITERAL_NULL_CONVERSION = YES;
				CLANG_WARN_OBJC_IMPLICIT_RETAIN_SELF = YES;
				CLANG_WARN_OBJC_LITERAL_CONVERSION = YES;
				CLANG_WARN_OBJC_ROOT_CLASS = YES_ERROR;
				CLANG_WARN_QUOTED_INCLUDE_IN_FRAMEWORK_HEADER = YES;
				CLANG_WARN_RANGE_LOOP_ANALYSIS = YES;
				CLANG_WARN_STRICT_PROTOTYPES = YES;
				CLANG_WARN_SUSPICIOUS_MOVE = YES;
				CLANG_WARN_UNGUARDED_AVAILABILITY = YES_AGGRESSIVE;
				CLANG_WARN_UNREACHABLE_CODE = YES;
				CLANG_WARN__DUPLICATE_METHOD_MATCH = YES;
				COPY_PHASE_STRIP = NO;
				DEBUG_INFORMATION_FORMAT = dwarf;
				ENABLE_STRICT_OBJC_MSGSEND = YES;
				ENABLE_TESTABILITY = YES;
				GCC_C_LANGUAGE_STANDARD = gnu11;
				GCC_DYNAMIC_NO_PIC = NO;
				GCC_NO_COMMON_BLOCKS = YES;
				GCC_OPTIMIZATION_LEVEL = 0;
				GCC_PREPROCESSOR_DEFINITIONS = (
					"DEBUG=1",
					"$(inherited)",
				);
				GCC_WARN_64_TO_32_BIT_CONVERSION = YES;
				GCC_WARN_ABOUT_RETURN_TYPE = YES_ERROR;
				GCC_WARN_UNDECLARED_SELECTOR = YES;
				GCC_WARN_UNINITIALIZED_AUTOS = YES_AGGRESSIVE;
				GCC_WARN_UNUSED_FUNCTION = YES;
				GCC_WARN_UNUSED_VARIABLE = YES;
				IPHONEOS_DEPLOYMENT_TARGET = 16.4;
				MTL_ENABLE_DEBUG_INFO = INCLUDE_SOURCE;
				MTL_FAST_MATH = YES;
				ONLY_ACTIVE_ARCH = YES;
				SDKROOT = iphoneos;
				SWIFT_ACTIVE_COMPILATION_CONDITIONS = DEBUG;
				SWIFT_OPTIMIZATION_LEVEL = "-Onone";
			};
			name = Debug;
		};
		A631A95C2A2C5CBD0000D04D /* Release */ = {
			isa = XCBuildConfiguration;
			buildSettings = {
				ALWAYS_SEARCH_USER_PATHS = NO;
				CLANG_ANALYZER_NONNULL = YES;
				CLANG_ANALYZER_NUMBER_OBJECT_CONVERSION = YES_AGGRESSIVE;
				CLANG_CXX_LANGUAGE_STANDARD = "gnu++20";
				CLANG_ENABLE_MODULES = YES;
				CLANG_ENABLE_OBJC_ARC = YES;
				CLANG_ENABLE_OBJC_WEAK = YES;
				CLANG_WARN_BLOCK_CAPTURE_AUTORELEASING = YES;
				CLANG_WARN_BOOL_CONVERSION = YES;
				CLANG_WARN_COMMA = YES;
				CLANG_WARN_CONSTANT_CONVERSION = YES;
				CLANG_WARN_DEPRECATED_OBJC_IMPLEMENTATIONS = YES;
				CLANG_WARN_DIRECT_OBJC_ISA_USAGE = YES_ERROR;
				CLANG_WARN_DOCUMENTATION_COMMENTS = YES;
				CLANG_WARN_EMPTY_BODY = YES;
				CLANG_WARN_ENUM_CONVERSION = YES;
				CLANG_WARN_INFINITE_RECURSION = YES;
				CLANG_WARN_INT_CONVERSION = YES;
				CLANG_WARN_NON_LITERAL_NULL_CONVERSION = YES;
				CLANG_WARN_OBJC_IMPLICIT_RETAIN_SELF = YES;
				CLANG_WARN_OBJC_LITERAL_CONVERSION = YES;
				CLANG_WARN_OBJC_ROOT_CLASS = YES_ERROR;
				CLANG_WARN_QUOTED_INCLUDE_IN_FRAMEWORK_HEADER = YES;
				CLANG_WARN_RANGE_LOOP_ANALYSIS = YES;
				CLANG_WARN_STRICT_PROTOTYPES = YES;
				CLANG_WARN_SUSPICIOUS_MOVE = YES;
				CLANG_WARN_UNGUARDED_AVAILABILITY = YES_AGGRESSIVE;
				CLANG_WARN_UNREACHABLE_CODE = YES;
				CLANG_WARN__DUPLICATE_METHOD_MATCH = YES;
				COPY_PHASE_STRIP = NO;
				DEBUG_INFORMATION_FORMAT = "dwarf-with-dsym";
				ENABLE_NS_ASSERTIONS = NO;
				ENABLE_STRICT_OBJC_MSGSEND = YES;
				GCC_C_LANGUAGE_STANDARD = gnu11;
				GCC_NO_COMMON_BLOCKS = YES;
				GCC_WARN_64_TO_32_BIT_CONVERSION = YES;
				GCC_WARN_ABOUT_RETURN_TYPE = YES_ERROR;
				GCC_WARN_UNDECLARED_SELECTOR = YES;
				GCC_WARN_UNINITIALIZED_AUTOS = YES_AGGRESSIVE;
				GCC_WARN_UNUSED_FUNCTION = YES;
				GCC_WARN_UNUSED_VARIABLE = YES;
				IPHONEOS_DEPLOYMENT_TARGET = 16.4;
				MTL_ENABLE_DEBUG_INFO = NO;
				MTL_FAST_MATH = YES;
				SDKROOT = iphoneos;
				SWIFT_COMPILATION_MODE = wholemodule;
				SWIFT_OPTIMIZATION_LEVEL = "-O";
				VALIDATE_PRODUCT = YES;
			};
			name = Release;
		};
		A631A95E2A2C5CBD0000D04D /* Debug */ = {
			isa = XCBuildConfiguration;
			buildSettings = {
				ASSETCATALOG_COMPILER_APPICON_NAME = AppIcon;
				ASSETCATALOG_COMPILER_GLOBAL_ACCENT_COLOR_NAME = AccentColor;
				CODE_SIGN_IDENTITY = "Apple Development";
				CODE_SIGN_STYLE = Automatic;
				CURRENT_PROJECT_VERSION = 1;
				DEVELOPMENT_TEAM = 58P54NX7P7;
				GENERATE_INFOPLIST_FILE = YES;
				INFOPLIST_FILE = "Rick & Morty/Info.plist";
				INFOPLIST_KEY_UIApplicationSupportsIndirectInputEvents = YES;
				INFOPLIST_KEY_UILaunchStoryboardName = LaunchScreen;
				INFOPLIST_KEY_UISupportedInterfaceOrientations_iPad = "UIInterfaceOrientationPortrait UIInterfaceOrientationPortraitUpsideDown UIInterfaceOrientationLandscapeLeft UIInterfaceOrientationLandscapeRight";
				INFOPLIST_KEY_UISupportedInterfaceOrientations_iPhone = "UIInterfaceOrientationPortrait UIInterfaceOrientationLandscapeLeft UIInterfaceOrientationLandscapeRight";
				IPHONEOS_DEPLOYMENT_TARGET = 16.0;
				LD_RUNPATH_SEARCH_PATHS = (
					"$(inherited)",
					"@executable_path/Frameworks",
				);
				MARKETING_VERSION = 1.0;
				PRODUCT_BUNDLE_IDENTIFIER = "com.learn.Alesh.Rick---Morty";
				PRODUCT_NAME = "$(TARGET_NAME)";
				PROVISIONING_PROFILE_SPECIFIER = "";
				SUPPORTED_PLATFORMS = "iphoneos iphonesimulator";
				SUPPORTS_MACCATALYST = NO;
				SUPPORTS_MAC_DESIGNED_FOR_IPHONE_IPAD = NO;
				SWIFT_EMIT_LOC_STRINGS = YES;
				SWIFT_VERSION = 5.0;
				TARGETED_DEVICE_FAMILY = 1;
			};
			name = Debug;
		};
		A631A95F2A2C5CBD0000D04D /* Release */ = {
			isa = XCBuildConfiguration;
			buildSettings = {
				ASSETCATALOG_COMPILER_APPICON_NAME = AppIcon;
				ASSETCATALOG_COMPILER_GLOBAL_ACCENT_COLOR_NAME = AccentColor;
				CODE_SIGN_IDENTITY = "Apple Development";
				CODE_SIGN_STYLE = Automatic;
				CURRENT_PROJECT_VERSION = 1;
				DEVELOPMENT_TEAM = 58P54NX7P7;
				GENERATE_INFOPLIST_FILE = YES;
				INFOPLIST_FILE = "Rick & Morty/Info.plist";
				INFOPLIST_KEY_UIApplicationSupportsIndirectInputEvents = YES;
				INFOPLIST_KEY_UILaunchStoryboardName = LaunchScreen;
				INFOPLIST_KEY_UISupportedInterfaceOrientations_iPad = "UIInterfaceOrientationPortrait UIInterfaceOrientationPortraitUpsideDown UIInterfaceOrientationLandscapeLeft UIInterfaceOrientationLandscapeRight";
				INFOPLIST_KEY_UISupportedInterfaceOrientations_iPhone = "UIInterfaceOrientationPortrait UIInterfaceOrientationLandscapeLeft UIInterfaceOrientationLandscapeRight";
				IPHONEOS_DEPLOYMENT_TARGET = 16.0;
				LD_RUNPATH_SEARCH_PATHS = (
					"$(inherited)",
					"@executable_path/Frameworks",
				);
				MARKETING_VERSION = 1.0;
				PRODUCT_BUNDLE_IDENTIFIER = "com.learn.Alesh.Rick---Morty";
				PRODUCT_NAME = "$(TARGET_NAME)";
				PROVISIONING_PROFILE_SPECIFIER = "";
				SUPPORTED_PLATFORMS = "iphoneos iphonesimulator";
				SUPPORTS_MACCATALYST = NO;
				SUPPORTS_MAC_DESIGNED_FOR_IPHONE_IPAD = NO;
				SWIFT_EMIT_LOC_STRINGS = YES;
				SWIFT_VERSION = 5.0;
				TARGETED_DEVICE_FAMILY = 1;
			};
			name = Release;
		};
/* End XCBuildConfiguration section */

/* Begin XCConfigurationList section */
		A631A9442A2C5CBC0000D04D /* Build configuration list for PBXProject "Rick & Morty" */ = {
			isa = XCConfigurationList;
			buildConfigurations = (
				A631A95B2A2C5CBD0000D04D /* Debug */,
				A631A95C2A2C5CBD0000D04D /* Release */,
			);
			defaultConfigurationIsVisible = 0;
			defaultConfigurationName = Release;
		};
		A631A95D2A2C5CBD0000D04D /* Build configuration list for PBXNativeTarget "Rick & Morty" */ = {
			isa = XCConfigurationList;
			buildConfigurations = (
				A631A95E2A2C5CBD0000D04D /* Debug */,
				A631A95F2A2C5CBD0000D04D /* Release */,
			);
			defaultConfigurationIsVisible = 0;
			defaultConfigurationName = Release;
		};
/* End XCConfigurationList section */

/* Begin XCRemoteSwiftPackageReference section */
		842E52A12A2F0AED00D664AB /* XCRemoteSwiftPackageReference "Kingfisher" */ = {
			isa = XCRemoteSwiftPackageReference;
			repositoryURL = "https://github.com/onevcat/Kingfisher.git";
			requirement = {
				kind = upToNextMajorVersion;
				minimumVersion = 7.0.0;
			};
		};
		A631A9642A2C60AD0000D04D /* XCRemoteSwiftPackageReference "SnapKit" */ = {
			isa = XCRemoteSwiftPackageReference;
			repositoryURL = "https://github.com/SnapKit/SnapKit.git";
			requirement = {
				kind = upToNextMajorVersion;
				minimumVersion = 5.0.0;
			};
		};
/* End XCRemoteSwiftPackageReference section */

/* Begin XCSwiftPackageProductDependency section */
		842E52A22A2F0AED00D664AB /* Kingfisher */ = {
			isa = XCSwiftPackageProductDependency;
			package = 842E52A12A2F0AED00D664AB /* XCRemoteSwiftPackageReference "Kingfisher" */;
			productName = Kingfisher;
		};
		A631A9652A2C60AD0000D04D /* SnapKit */ = {
			isa = XCSwiftPackageProductDependency;
			package = A631A9642A2C60AD0000D04D /* XCRemoteSwiftPackageReference "SnapKit" */;
			productName = SnapKit;
		};
/* End XCSwiftPackageProductDependency section */
	};
	rootObject = A631A9412A2C5CBC0000D04D /* Project object */;
}
